
Microsoft Visual Studio Solution File, Format Version 12.00
# Visual Studio Version 16
VisualStudioVersion = 16.0.29806.167
MinimumVisualStudioVersion = 10.0.40219.1
Project("{9A19103F-16F7-4668-BE54-9A1E7A4F7556}") = "ShopWebAPI", "ShopWebAPI.csproj", "{95ADCA94-271A-43C2-9B99-B6082FFAB37A}"
EndProject
Project("{9A19103F-16F7-4668-BE54-9A1E7A4F7556}") = "ShopWebAPI.DAL", "..\ShopWebAPI.DAL\ShopWebAPI.DAL.csproj", "{6A2333F5-79D3-44C2-A544-CCB8335F2856}"
EndProject
Project("{9A19103F-16F7-4668-BE54-9A1E7A4F7556}") = "ShopWebApi.Contracts", "..\ShopWebApi.Contracts\ShopWebApi.Contracts.csproj", "{2090F346-5356-41E5-8B18-34CB2A870802}"
EndProject
Project("{9A19103F-16F7-4668-BE54-9A1E7A4F7556}") = "ShopWebApi.SDK", "..\ShopWebApi.SDK\ShopWebApi.SDK.csproj", "{83654AB4-7F8F-4EE5-845B-ABF3214A5313}"
EndProject
Project("{9A19103F-16F7-4668-BE54-9A1E7A4F7556}") = "ShopWebApi.SDK.Sample", "..\ShopWebApi.SDK.Sample\ShopWebApi.SDK.Sample.csproj", "{FFB725C1-1983-4ED8-813C-661870EE9D45}"
EndProject
Global
	GlobalSection(SolutionConfigurationPlatforms) = preSolution
		Debug|Any CPU = Debug|Any CPU
		Release|Any CPU = Release|Any CPU
	EndGlobalSection
	GlobalSection(ProjectConfigurationPlatforms) = postSolution
		{95ADCA94-271A-43C2-9B99-B6082FFAB37A}.Debug|Any CPU.ActiveCfg = Debug|Any CPU
		{95ADCA94-271A-43C2-9B99-B6082FFAB37A}.Debug|Any CPU.Build.0 = Debug|Any CPU
		{95ADCA94-271A-43C2-9B99-B6082FFAB37A}.Release|Any CPU.ActiveCfg = Release|Any CPU
		{95ADCA94-271A-43C2-9B99-B6082FFAB37A}.Release|Any CPU.Build.0 = Release|Any CPU
		{6A2333F5-79D3-44C2-A544-CCB8335F2856}.Debug|Any CPU.ActiveCfg = Debug|Any CPU
		{6A2333F5-79D3-44C2-A544-CCB8335F2856}.Debug|Any CPU.Build.0 = Debug|Any CPU
		{6A2333F5-79D3-44C2-A544-CCB8335F2856}.Release|Any CPU.ActiveCfg = Release|Any CPU
		{6A2333F5-79D3-44C2-A544-CCB8335F2856}.Release|Any CPU.Build.0 = Release|Any CPU
		{2090F346-5356-41E5-8B18-34CB2A870802}.Debug|Any CPU.ActiveCfg = Debug|Any CPU
		{2090F346-5356-41E5-8B18-34CB2A870802}.Debug|Any CPU.Build.0 = Debug|Any CPU
		{2090F346-5356-41E5-8B18-34CB2A870802}.Release|Any CPU.ActiveCfg = Release|Any CPU
		{2090F346-5356-41E5-8B18-34CB2A870802}.Release|Any CPU.Build.0 = Release|Any CPU
		{83654AB4-7F8F-4EE5-845B-ABF3214A5313}.Debug|Any CPU.ActiveCfg = Debug|Any CPU
		{83654AB4-7F8F-4EE5-845B-ABF3214A5313}.Debug|Any CPU.Build.0 = Debug|Any CPU
		{83654AB4-7F8F-4EE5-845B-ABF3214A5313}.Release|Any CPU.ActiveCfg = Release|Any CPU
		{83654AB4-7F8F-4EE5-845B-ABF3214A5313}.Release|Any CPU.Build.0 = Release|Any CPU
		{FFB725C1-1983-4ED8-813C-661870EE9D45}.Debug|Any CPU.ActiveCfg = Debug|Any CPU
		{FFB725C1-1983-4ED8-813C-661870EE9D45}.Debug|Any CPU.Build.0 = Debug|Any CPU
		{FFB725C1-1983-4ED8-813C-661870EE9D45}.Release|Any CPU.ActiveCfg = Release|Any CPU
		{FFB725C1-1983-4ED8-813C-661870EE9D45}.Release|Any CPU.Build.0 = Release|Any CPU
	EndGlobalSection
	GlobalSection(SolutionProperties) = preSolution
		HideSolutionNode = FALSE
	EndGlobalSection
	GlobalSection(ExtensibilityGlobals) = postSolution
		SolutionGuid = {D058023B-B4B2-4CFA-B068-8EF98B1C24E4}
	EndGlobalSection
EndGlobal
